<?xml version="1.0" encoding="utf-8"?>
<Project ToolsVersion="17.0" xmlns="http://schemas.microsoft.com/developer/msbuild/2003">
  <ItemGroup>
    <CustomBuild Include="D:\flutter\chatgemini\build\windows\x64\CMakeFiles\a94974564bdda632d21d1eaf511ecd4c\INSTALL_force.rule">
      <Filter>CMake Rules</Filter>
    </CustomBuild>
  </ItemGroup>
  <ItemGroup>
    <Filter Include="CMake Rules">
      <UniqueIdentifier>{583CCE00-C91F-3343-9107-DC1E3B504B47}</UniqueIdentifier>
    </Filter>
  </ItemGroup>
</Project>
