
Microsoft Visual Studio Solution File, Format Version 12.00
# Visual Studio Version 17
Project("{8BC9CEB8-8B4A-11D0-8D11-00A0C91BC942}") = "ALL_BUILD", "ALL_BUILD.vcxproj", "{245A8A8C-F37B-37BC-BBC7-6340D2C851E5}"
	ProjectSection(ProjectDependencies) = postProject
		{0EAB10DE-34A3-3351-AA21-346028F40BAB} = {0EAB10DE-34A3-3351-AA21-346028F40BAB}
		{5DBC0A5F-07BD-3B88-ACDA-41D2E9905115} = {5DBC0A5F-07BD-3B88-ACDA-41D2E9905115}
		{CA33CFC3-382E-314C-853C-7585EA75611C} = {CA33CFC3-382E-314C-853C-7585EA75611C}
		{0663DB14-79C5-30AF-A77D-38AE4544766E} = {0663DB14-79C5-30AF-A77D-38AE4544766E}
	EndProjectSection
EndProject
Project("{8BC9CEB8-8B4A-11D0-8D11-00A0C91BC942}") = "INSTALL", "INSTALL.vcxproj", "{0CED6148-4DD6-3700-899B-E4675A30FE95}"
	ProjectSection(ProjectDependencies) = postProject
		{245A8A8C-F37B-37BC-BBC7-6340D2C851E5} = {245A8A8C-F37B-37BC-BBC7-6340D2C851E5}
		{0EAB10DE-34A3-3351-AA21-346028F40BAB} = {0EAB10DE-34A3-3351-AA21-346028F40BAB}
	EndProjectSection
EndProject
Project("{8BC9CEB8-8B4A-11D0-8D11-00A0C91BC942}") = "ZERO_CHECK", "ZERO_CHECK.vcxproj", "{0EAB10DE-34A3-3351-AA21-346028F40BAB}"
	ProjectSection(ProjectDependencies) = postProject
	EndProjectSection
EndProject
Project("{8BC9CEB8-8B4A-11D0-8D11-00A0C91BC942}") = "chatgemini", "runner\chatgemini.vcxproj", "{5DBC0A5F-07BD-3B88-ACDA-41D2E9905115}"
	ProjectSection(ProjectDependencies) = postProject
		{0EAB10DE-34A3-3351-AA21-346028F40BAB} = {0EAB10DE-34A3-3351-AA21-346028F40BAB}
		{C9111D2B-E504-3C82-ACE2-CA225DAECBA4} = {C9111D2B-E504-3C82-ACE2-CA225DAECBA4}
		{CA33CFC3-382E-314C-853C-7585EA75611C} = {CA33CFC3-382E-314C-853C-7585EA75611C}
	EndProjectSection
EndProject
Project("{8BC9CEB8-8B4A-11D0-8D11-00A0C91BC942}") = "flutter_assemble", "flutter\flutter_assemble.vcxproj", "{C9111D2B-E504-3C82-ACE2-CA225DAECBA4}"
	ProjectSection(ProjectDependencies) = postProject
		{0EAB10DE-34A3-3351-AA21-346028F40BAB} = {0EAB10DE-34A3-3351-AA21-346028F40BAB}
	EndProjectSection
EndProject
Project("{8BC9CEB8-8B4A-11D0-8D11-00A0C91BC942}") = "flutter_wrapper_app", "flutter\flutter_wrapper_app.vcxproj", "{CA33CFC3-382E-314C-853C-7585EA75611C}"
	ProjectSection(ProjectDependencies) = postProject
		{0EAB10DE-34A3-3351-AA21-346028F40BAB} = {0EAB10DE-34A3-3351-AA21-346028F40BAB}
		{C9111D2B-E504-3C82-ACE2-CA225DAECBA4} = {C9111D2B-E504-3C82-ACE2-CA225DAECBA4}
	EndProjectSection
EndProject
Project("{8BC9CEB8-8B4A-11D0-8D11-00A0C91BC942}") = "flutter_wrapper_plugin", "flutter\flutter_wrapper_plugin.vcxproj", "{0663DB14-79C5-30AF-A77D-38AE4544766E}"
	ProjectSection(ProjectDependencies) = postProject
		{0EAB10DE-34A3-3351-AA21-346028F40BAB} = {0EAB10DE-34A3-3351-AA21-346028F40BAB}
		{C9111D2B-E504-3C82-ACE2-CA225DAECBA4} = {C9111D2B-E504-3C82-ACE2-CA225DAECBA4}
	EndProjectSection
EndProject
Global
	GlobalSection(SolutionConfigurationPlatforms) = preSolution
		Debug|x64 = Debug|x64
		Profile|x64 = Profile|x64
		Release|x64 = Release|x64
	EndGlobalSection
	GlobalSection(ProjectConfigurationPlatforms) = postSolution
		{245A8A8C-F37B-37BC-BBC7-6340D2C851E5}.Debug|x64.ActiveCfg = Debug|x64
		{245A8A8C-F37B-37BC-BBC7-6340D2C851E5}.Debug|x64.Build.0 = Debug|x64
		{245A8A8C-F37B-37BC-BBC7-6340D2C851E5}.Profile|x64.ActiveCfg = Profile|x64
		{245A8A8C-F37B-37BC-BBC7-6340D2C851E5}.Profile|x64.Build.0 = Profile|x64
		{245A8A8C-F37B-37BC-BBC7-6340D2C851E5}.Release|x64.ActiveCfg = Release|x64
		{245A8A8C-F37B-37BC-BBC7-6340D2C851E5}.Release|x64.Build.0 = Release|x64
		{0CED6148-4DD6-3700-899B-E4675A30FE95}.Debug|x64.ActiveCfg = Debug|x64
		{0CED6148-4DD6-3700-899B-E4675A30FE95}.Debug|x64.Build.0 = Debug|x64
		{0CED6148-4DD6-3700-899B-E4675A30FE95}.Profile|x64.ActiveCfg = Profile|x64
		{0CED6148-4DD6-3700-899B-E4675A30FE95}.Profile|x64.Build.0 = Profile|x64
		{0CED6148-4DD6-3700-899B-E4675A30FE95}.Release|x64.ActiveCfg = Release|x64
		{0CED6148-4DD6-3700-899B-E4675A30FE95}.Release|x64.Build.0 = Release|x64
		{0EAB10DE-34A3-3351-AA21-346028F40BAB}.Debug|x64.ActiveCfg = Debug|x64
		{0EAB10DE-34A3-3351-AA21-346028F40BAB}.Debug|x64.Build.0 = Debug|x64
		{0EAB10DE-34A3-3351-AA21-346028F40BAB}.Profile|x64.ActiveCfg = Profile|x64
		{0EAB10DE-34A3-3351-AA21-346028F40BAB}.Profile|x64.Build.0 = Profile|x64
		{0EAB10DE-34A3-3351-AA21-346028F40BAB}.Release|x64.ActiveCfg = Release|x64
		{0EAB10DE-34A3-3351-AA21-346028F40BAB}.Release|x64.Build.0 = Release|x64
		{5DBC0A5F-07BD-3B88-ACDA-41D2E9905115}.Debug|x64.ActiveCfg = Debug|x64
		{5DBC0A5F-07BD-3B88-ACDA-41D2E9905115}.Debug|x64.Build.0 = Debug|x64
		{5DBC0A5F-07BD-3B88-ACDA-41D2E9905115}.Profile|x64.ActiveCfg = Profile|x64
		{5DBC0A5F-07BD-3B88-ACDA-41D2E9905115}.Profile|x64.Build.0 = Profile|x64
		{5DBC0A5F-07BD-3B88-ACDA-41D2E9905115}.Release|x64.ActiveCfg = Release|x64
		{5DBC0A5F-07BD-3B88-ACDA-41D2E9905115}.Release|x64.Build.0 = Release|x64
		{C9111D2B-E504-3C82-ACE2-CA225DAECBA4}.Debug|x64.ActiveCfg = Debug|x64
		{C9111D2B-E504-3C82-ACE2-CA225DAECBA4}.Debug|x64.Build.0 = Debug|x64
		{C9111D2B-E504-3C82-ACE2-CA225DAECBA4}.Profile|x64.ActiveCfg = Profile|x64
		{C9111D2B-E504-3C82-ACE2-CA225DAECBA4}.Profile|x64.Build.0 = Profile|x64
		{C9111D2B-E504-3C82-ACE2-CA225DAECBA4}.Release|x64.ActiveCfg = Release|x64
		{C9111D2B-E504-3C82-ACE2-CA225DAECBA4}.Release|x64.Build.0 = Release|x64
		{CA33CFC3-382E-314C-853C-7585EA75611C}.Debug|x64.ActiveCfg = Debug|x64
		{CA33CFC3-382E-314C-853C-7585EA75611C}.Debug|x64.Build.0 = Debug|x64
		{CA33CFC3-382E-314C-853C-7585EA75611C}.Profile|x64.ActiveCfg = Profile|x64
		{CA33CFC3-382E-314C-853C-7585EA75611C}.Profile|x64.Build.0 = Profile|x64
		{CA33CFC3-382E-314C-853C-7585EA75611C}.Release|x64.ActiveCfg = Release|x64
		{CA33CFC3-382E-314C-853C-7585EA75611C}.Release|x64.Build.0 = Release|x64
		{0663DB14-79C5-30AF-A77D-38AE4544766E}.Debug|x64.ActiveCfg = Debug|x64
		{0663DB14-79C5-30AF-A77D-38AE4544766E}.Debug|x64.Build.0 = Debug|x64
		{0663DB14-79C5-30AF-A77D-38AE4544766E}.Profile|x64.ActiveCfg = Profile|x64
		{0663DB14-79C5-30AF-A77D-38AE4544766E}.Profile|x64.Build.0 = Profile|x64
		{0663DB14-79C5-30AF-A77D-38AE4544766E}.Release|x64.ActiveCfg = Release|x64
		{0663DB14-79C5-30AF-A77D-38AE4544766E}.Release|x64.Build.0 = Release|x64
	EndGlobalSection
	GlobalSection(ExtensibilityGlobals) = postSolution
		SolutionGuid = {61A74241-8970-3F66-867F-F19029F3D60B}
	EndGlobalSection
	GlobalSection(ExtensibilityAddIns) = postSolution
	EndGlobalSection
EndGlobal
